
Microsoft Visual Studio Solution File, Format Version 12.00
# Visual Studio Version 16
VisualStudioVersion = 16.0.31624.102
MinimumVisualStudioVersion = 10.0.40219.1
Project("{FAE04EC0-301F-11D3-BF4B-00C04F79EFBC}") = "Consumo", "Consumo\Consumo.csproj", "{B2864F7F-37A4-4E7F-A125-6C196FECC973}"
EndProject
Global
	GlobalSection(SolutionConfigurationPlatforms) = preSolution
		Debug|Any CPU = Debug|Any CPU
		Release|Any CPU = Release|Any CPU
	EndGlobalSection
	GlobalSection(ProjectConfigurationPlatforms) = postSolution
		{B2864F7F-37A4-4E7F-A125-6C196FECC973}.Debug|Any CPU.ActiveCfg = Debug|Any CPU
		{B2864F7F-37A4-4E7F-A125-6C196FECC973}.Debug|Any CPU.Build.0 = Debug|Any CPU
		{B2864F7F-37A4-4E7F-A125-6C196FECC973}.Release|Any CPU.ActiveCfg = Release|Any CPU
		{B2864F7F-37A4-4E7F-A125-6C196FECC973}.Release|Any CPU.Build.0 = Release|Any CPU
	EndGlobalSection
	GlobalSection(SolutionProperties) = preSolution
		HideSolutionNode = FALSE
	EndGlobalSection
	GlobalSection(ExtensibilityGlobals) = postSolution
		SolutionGuid = {3E9887DB-3798-433A-968D-5B4DF0BAF0EA}
	EndGlobalSection
EndGlobal
